
Microsoft Visual Studio Solution File, Format Version 12.00
# Visual Studio Version 17
VisualStudioVersion = 17.1.32319.34
MinimumVisualStudioVersion = 10.0.40219.1
Project("{9A19103F-16F7-4668-BE54-9A1E7A4F7556}") = "Aplicacion_web_ASP_NET_Core", "Aplicacion_web_ASP_NET_Core\Aplicacion_web_ASP_NET_Core.csproj", "{96116A38-9D10-4A17-A7AE-A32EF5AE4ED7}"
EndProject
Project("{9A19103F-16F7-4668-BE54-9A1E7A4F7556}") = "ASP_NET_Core_Web_API", "ASP_NET_Core_Web_API\ASP_NET_Core_Web_API.csproj", "{B7523F98-17FF-46E5-8182-A85EA39140C0}"
EndProject
Project("{9A19103F-16F7-4668-BE54-9A1E7A4F7556}") = "ASP_NET_Core_vacio", "ASP_NET_Core_vacio\ASP_NET_Core_vacio.csproj", "{63DC714E-BFDE-44C9-8118-F238F730F6D6}"
EndProject
Project("{9A19103F-16F7-4668-BE54-9A1E7A4F7556}") = "Aplicacion_web_ASP_NET_Core_MVC", "Aplicacion_web_ASP_NET_Core_MVC\Aplicacion_web_ASP_NET_Core_MVC.csproj", "{170A6E9F-7586-421D-8F39-5C88B1633F00}"
EndProject
Project("{2150E333-8FDC-42A3-9474-1A3956D46DE8}") = "BACKEND", "BACKEND", "{2EEA7C66-F886-4D51-8588-559AC8D3FBF5}"
EndProject
Project("{2150E333-8FDC-42A3-9474-1A3956D46DE8}") = "FRONTEND-BACKEND", "FRONTEND-BACKEND", "{61B8F9DC-6335-4535-B031-64FD92E30E88}"
EndProject
Project("{9A19103F-16F7-4668-BE54-9A1E7A4F7556}") = "ASP_NET_Core_Angular", "ASP_NET_Core_Angular\ASP_NET_Core_Angular.csproj", "{80A3A07E-25B8-473B-B213-528E94550484}"
EndProject
Project("{9A19103F-16F7-4668-BE54-9A1E7A4F7556}") = "ASP_NET_Core_React_js", "ASP_NET_Core_React_js\ASP_NET_Core_React_js.csproj", "{B06F2EAA-5356-467B-997A-25A95585FAFC}"
EndProject
Project("{9A19103F-16F7-4668-BE54-9A1E7A4F7556}") = "ASP_NET_Core_React_jd_Redux", "ASP_NET_Core_React_jd_Redux\ASP_NET_Core_React_jd_Redux.csproj", "{49E784F7-D13E-4CE7-9683-6A42590FC21B}"
EndProject
Project("{2150E333-8FDC-42A3-9474-1A3956D46DE8}") = "FRONTEND", "FRONTEND", "{C0E377EF-F599-4A4A-A4CA-AA6071B7E5FF}"
EndProject
Project("{9A19103F-16F7-4668-BE54-9A1E7A4F7556}") = "Aplicacion_Blazor_Server", "Aplicacion_Blazor_Server\Aplicacion_Blazor_Server.csproj", "{7CF75C3E-741B-4A22-8C13-48AEEE8964F8}"
EndProject
Project("{9A19103F-16F7-4668-BE54-9A1E7A4F7556}") = "Aplicacion_Blazor_WebAssembly", "Aplicacion_Blazor_WebAssembly\Aplicacion_Blazor_WebAssembly.csproj", "{D6EA75C7-D055-4DAC-854C-B4214C3C8B7A}"
EndProject
Project("{9A19103F-16F7-4668-BE54-9A1E7A4F7556}") = "Servicio_gRPC_ASP_NET_Core", "Servicio_gRPC_ASP_NET_Core\Servicio_gRPC_ASP_NET_Core.csproj", "{547255E4-BFA4-4AB1-8337-401E0030F87E}"
EndProject
Project("{9A19103F-16F7-4668-BE54-9A1E7A4F7556}") = "Biblioteca_clases_Razor", "Biblioteca_clases_Razor\Biblioteca_clases_Razor.csproj", "{9140374F-B452-4D04-9DCF-D13F7069CA6E}"
EndProject
Project("{9A19103F-16F7-4668-BE54-9A1E7A4F7556}") = "Proyecto_prueba_NUnit", "Proyecto_prueba_NUnit\Proyecto_prueba_NUnit.csproj", "{34A86591-8F97-4322-A3D0-B4682F0432A0}"
EndProject
Project("{2150E333-8FDC-42A3-9474-1A3956D46DE8}") = "PRUEBAS", "PRUEBAS", "{620A2517-E988-4B14-8325-7050FF43CA23}"
EndProject
Project("{9A19103F-16F7-4668-BE54-9A1E7A4F7556}") = "Prueba_controladores_web_Edge_NET_Core", "Prueba_controladores_web_Edge_NET_Core\Prueba_controladores_web_Edge_NET_Core.csproj", "{B0CFF9D9-AC25-4B26-B0B8-A6890F63E20C}"
EndProject
Project("{FAE04EC0-301F-11D3-BF4B-00C04F79EFBC}") = "PartesGenericos", "PartesGenericos\PartesGenericos.csproj", "{A0B97320-012C-45E8-B5DC-A019D995C062}"
EndProject
Project("{2150E333-8FDC-42A3-9474-1A3956D46DE8}") = "REPOSITORIO", "REPOSITORIO", "{5282C2D6-BE5E-4FA3-9E04-8B086F47C430}"
EndProject
Global
	GlobalSection(SolutionConfigurationPlatforms) = preSolution
		Debug|Any CPU = Debug|Any CPU
		Release|Any CPU = Release|Any CPU
	EndGlobalSection
	GlobalSection(ProjectConfigurationPlatforms) = postSolution
		{96116A38-9D10-4A17-A7AE-A32EF5AE4ED7}.Debug|Any CPU.ActiveCfg = Debug|Any CPU
		{96116A38-9D10-4A17-A7AE-A32EF5AE4ED7}.Debug|Any CPU.Build.0 = Debug|Any CPU
		{96116A38-9D10-4A17-A7AE-A32EF5AE4ED7}.Release|Any CPU.ActiveCfg = Release|Any CPU
		{96116A38-9D10-4A17-A7AE-A32EF5AE4ED7}.Release|Any CPU.Build.0 = Release|Any CPU
		{B7523F98-17FF-46E5-8182-A85EA39140C0}.Debug|Any CPU.ActiveCfg = Debug|Any CPU
		{B7523F98-17FF-46E5-8182-A85EA39140C0}.Debug|Any CPU.Build.0 = Debug|Any CPU
		{B7523F98-17FF-46E5-8182-A85EA39140C0}.Release|Any CPU.ActiveCfg = Release|Any CPU
		{B7523F98-17FF-46E5-8182-A85EA39140C0}.Release|Any CPU.Build.0 = Release|Any CPU
		{63DC714E-BFDE-44C9-8118-F238F730F6D6}.Debug|Any CPU.ActiveCfg = Debug|Any CPU
		{63DC714E-BFDE-44C9-8118-F238F730F6D6}.Debug|Any CPU.Build.0 = Debug|Any CPU
		{63DC714E-BFDE-44C9-8118-F238F730F6D6}.Release|Any CPU.ActiveCfg = Release|Any CPU
		{63DC714E-BFDE-44C9-8118-F238F730F6D6}.Release|Any CPU.Build.0 = Release|Any CPU
		{170A6E9F-7586-421D-8F39-5C88B1633F00}.Debug|Any CPU.ActiveCfg = Debug|Any CPU
		{170A6E9F-7586-421D-8F39-5C88B1633F00}.Debug|Any CPU.Build.0 = Debug|Any CPU
		{170A6E9F-7586-421D-8F39-5C88B1633F00}.Release|Any CPU.ActiveCfg = Release|Any CPU
		{170A6E9F-7586-421D-8F39-5C88B1633F00}.Release|Any CPU.Build.0 = Release|Any CPU
		{80A3A07E-25B8-473B-B213-528E94550484}.Debug|Any CPU.ActiveCfg = Debug|Any CPU
		{80A3A07E-25B8-473B-B213-528E94550484}.Debug|Any CPU.Build.0 = Debug|Any CPU
		{80A3A07E-25B8-473B-B213-528E94550484}.Release|Any CPU.ActiveCfg = Release|Any CPU
		{80A3A07E-25B8-473B-B213-528E94550484}.Release|Any CPU.Build.0 = Release|Any CPU
		{B06F2EAA-5356-467B-997A-25A95585FAFC}.Debug|Any CPU.ActiveCfg = Debug|Any CPU
		{B06F2EAA-5356-467B-997A-25A95585FAFC}.Debug|Any CPU.Build.0 = Debug|Any CPU
		{B06F2EAA-5356-467B-997A-25A95585FAFC}.Release|Any CPU.ActiveCfg = Release|Any CPU
		{B06F2EAA-5356-467B-997A-25A95585FAFC}.Release|Any CPU.Build.0 = Release|Any CPU
		{49E784F7-D13E-4CE7-9683-6A42590FC21B}.Debug|Any CPU.ActiveCfg = Debug|Any CPU
		{49E784F7-D13E-4CE7-9683-6A42590FC21B}.Debug|Any CPU.Build.0 = Debug|Any CPU
		{49E784F7-D13E-4CE7-9683-6A42590FC21B}.Release|Any CPU.ActiveCfg = Release|Any CPU
		{49E784F7-D13E-4CE7-9683-6A42590FC21B}.Release|Any CPU.Build.0 = Release|Any CPU
		{7CF75C3E-741B-4A22-8C13-48AEEE8964F8}.Debug|Any CPU.ActiveCfg = Debug|Any CPU
		{7CF75C3E-741B-4A22-8C13-48AEEE8964F8}.Debug|Any CPU.Build.0 = Debug|Any CPU
		{7CF75C3E-741B-4A22-8C13-48AEEE8964F8}.Release|Any CPU.ActiveCfg = Release|Any CPU
		{7CF75C3E-741B-4A22-8C13-48AEEE8964F8}.Release|Any CPU.Build.0 = Release|Any CPU
		{D6EA75C7-D055-4DAC-854C-B4214C3C8B7A}.Debug|Any CPU.ActiveCfg = Debug|Any CPU
		{D6EA75C7-D055-4DAC-854C-B4214C3C8B7A}.Debug|Any CPU.Build.0 = Debug|Any CPU
		{D6EA75C7-D055-4DAC-854C-B4214C3C8B7A}.Release|Any CPU.ActiveCfg = Release|Any CPU
		{D6EA75C7-D055-4DAC-854C-B4214C3C8B7A}.Release|Any CPU.Build.0 = Release|Any CPU
		{547255E4-BFA4-4AB1-8337-401E0030F87E}.Debug|Any CPU.ActiveCfg = Debug|Any CPU
		{547255E4-BFA4-4AB1-8337-401E0030F87E}.Debug|Any CPU.Build.0 = Debug|Any CPU
		{547255E4-BFA4-4AB1-8337-401E0030F87E}.Release|Any CPU.ActiveCfg = Release|Any CPU
		{547255E4-BFA4-4AB1-8337-401E0030F87E}.Release|Any CPU.Build.0 = Release|Any CPU
		{9140374F-B452-4D04-9DCF-D13F7069CA6E}.Debug|Any CPU.ActiveCfg = Debug|Any CPU
		{9140374F-B452-4D04-9DCF-D13F7069CA6E}.Debug|Any CPU.Build.0 = Debug|Any CPU
		{9140374F-B452-4D04-9DCF-D13F7069CA6E}.Release|Any CPU.ActiveCfg = Release|Any CPU
		{9140374F-B452-4D04-9DCF-D13F7069CA6E}.Release|Any CPU.Build.0 = Release|Any CPU
		{34A86591-8F97-4322-A3D0-B4682F0432A0}.Debug|Any CPU.ActiveCfg = Debug|Any CPU
		{34A86591-8F97-4322-A3D0-B4682F0432A0}.Debug|Any CPU.Build.0 = Debug|Any CPU
		{34A86591-8F97-4322-A3D0-B4682F0432A0}.Release|Any CPU.ActiveCfg = Release|Any CPU
		{34A86591-8F97-4322-A3D0-B4682F0432A0}.Release|Any CPU.Build.0 = Release|Any CPU
		{B0CFF9D9-AC25-4B26-B0B8-A6890F63E20C}.Debug|Any CPU.ActiveCfg = Debug|Any CPU
		{B0CFF9D9-AC25-4B26-B0B8-A6890F63E20C}.Debug|Any CPU.Build.0 = Debug|Any CPU
		{B0CFF9D9-AC25-4B26-B0B8-A6890F63E20C}.Release|Any CPU.ActiveCfg = Release|Any CPU
		{B0CFF9D9-AC25-4B26-B0B8-A6890F63E20C}.Release|Any CPU.Build.0 = Release|Any CPU
		{A0B97320-012C-45E8-B5DC-A019D995C062}.Debug|Any CPU.ActiveCfg = Debug|Any CPU
		{A0B97320-012C-45E8-B5DC-A019D995C062}.Debug|Any CPU.Build.0 = Debug|Any CPU
		{A0B97320-012C-45E8-B5DC-A019D995C062}.Release|Any CPU.ActiveCfg = Release|Any CPU
		{A0B97320-012C-45E8-B5DC-A019D995C062}.Release|Any CPU.Build.0 = Release|Any CPU
	EndGlobalSection
	GlobalSection(SolutionProperties) = preSolution
		HideSolutionNode = FALSE
	EndGlobalSection
	GlobalSection(NestedProjects) = preSolution
		{96116A38-9D10-4A17-A7AE-A32EF5AE4ED7} = {2EEA7C66-F886-4D51-8588-559AC8D3FBF5}
		{B7523F98-17FF-46E5-8182-A85EA39140C0} = {2EEA7C66-F886-4D51-8588-559AC8D3FBF5}
		{63DC714E-BFDE-44C9-8118-F238F730F6D6} = {2EEA7C66-F886-4D51-8588-559AC8D3FBF5}
		{170A6E9F-7586-421D-8F39-5C88B1633F00} = {2EEA7C66-F886-4D51-8588-559AC8D3FBF5}
		{80A3A07E-25B8-473B-B213-528E94550484} = {61B8F9DC-6335-4535-B031-64FD92E30E88}
		{B06F2EAA-5356-467B-997A-25A95585FAFC} = {61B8F9DC-6335-4535-B031-64FD92E30E88}
		{49E784F7-D13E-4CE7-9683-6A42590FC21B} = {61B8F9DC-6335-4535-B031-64FD92E30E88}
		{7CF75C3E-741B-4A22-8C13-48AEEE8964F8} = {C0E377EF-F599-4A4A-A4CA-AA6071B7E5FF}
		{D6EA75C7-D055-4DAC-854C-B4214C3C8B7A} = {C0E377EF-F599-4A4A-A4CA-AA6071B7E5FF}
		{547255E4-BFA4-4AB1-8337-401E0030F87E} = {C0E377EF-F599-4A4A-A4CA-AA6071B7E5FF}
		{9140374F-B452-4D04-9DCF-D13F7069CA6E} = {2EEA7C66-F886-4D51-8588-559AC8D3FBF5}
		{34A86591-8F97-4322-A3D0-B4682F0432A0} = {620A2517-E988-4B14-8325-7050FF43CA23}
		{B0CFF9D9-AC25-4B26-B0B8-A6890F63E20C} = {620A2517-E988-4B14-8325-7050FF43CA23}
		{A0B97320-012C-45E8-B5DC-A019D995C062} = {5282C2D6-BE5E-4FA3-9E04-8B086F47C430}
	EndGlobalSection
	GlobalSection(ExtensibilityGlobals) = postSolution
		SolutionGuid = {2CE1D05B-2F3C-4D7D-AF98-51074B966E11}
	EndGlobalSection
EndGlobal
